
Microsoft Visual Studio Solution File, Format Version 12.00
# Visual Studio 2013
VisualStudioVersion = 12.0.30723.0
MinimumVisualStudioVersion = 10.0.40219.1
Project("{FAE04EC0-301F-11D3-BF4B-00C04F79EFBC}") = "MCS", "MCS\MCS.csproj", "{C163BFFE-D7F9-40CD-A948-703C46D7CB7A}"
	ProjectSection(ProjectDependencies) = postProject
		{96F06265-2D99-4574-A540-8EF4BF2B2830} = {96F06265-2D99-4574-A540-8EF4BF2B2830}
	EndProjectSection
EndProject
Project("{8BC9CEB8-8B4A-11D0-8D11-00A0C91BC942}") = "MEngine", "MEngine\MEngine.vcxproj", "{96F06265-2D99-4574-A540-8EF4BF2B2830}"
EndProject
Global
	GlobalSection(SolutionConfigurationPlatforms) = preSolution
		Debug|x64 = Debug|x64
		Debug|x86 = Debug|x86
		Release|x64 = Release|x64
		Release|x86 = Release|x86
	EndGlobalSection
	GlobalSection(ProjectConfigurationPlatforms) = postSolution
		{C163BFFE-D7F9-40CD-A948-703C46D7CB7A}.Debug|x64.ActiveCfg = Debug|Any CPU
		{C163BFFE-D7F9-40CD-A948-703C46D7CB7A}.Debug|x86.ActiveCfg = Debug|Any CPU
		{C163BFFE-D7F9-40CD-A948-703C46D7CB7A}.Debug|x86.Deploy.0 = Debug|Any CPU
		{C163BFFE-D7F9-40CD-A948-703C46D7CB7A}.Release|x64.ActiveCfg = Release|Any CPU
		{C163BFFE-D7F9-40CD-A948-703C46D7CB7A}.Release|x64.Build.0 = Release|Any CPU
		{C163BFFE-D7F9-40CD-A948-703C46D7CB7A}.Release|x86.ActiveCfg = Release|Any CPU
		{C163BFFE-D7F9-40CD-A948-703C46D7CB7A}.Release|x86.Build.0 = Release|Any CPU
		{96F06265-2D99-4574-A540-8EF4BF2B2830}.Debug|x64.ActiveCfg = Debug|x64
		{96F06265-2D99-4574-A540-8EF4BF2B2830}.Debug|x64.Build.0 = Debug|x64
		{96F06265-2D99-4574-A540-8EF4BF2B2830}.Debug|x86.ActiveCfg = Debug|Win32
		{96F06265-2D99-4574-A540-8EF4BF2B2830}.Debug|x86.Build.0 = Debug|Win32
		{96F06265-2D99-4574-A540-8EF4BF2B2830}.Debug|x86.Deploy.0 = Debug|Win32
		{96F06265-2D99-4574-A540-8EF4BF2B2830}.Release|x64.ActiveCfg = Release|x64
		{96F06265-2D99-4574-A540-8EF4BF2B2830}.Release|x64.Build.0 = Release|x64
		{96F06265-2D99-4574-A540-8EF4BF2B2830}.Release|x86.ActiveCfg = Release|Win32
		{96F06265-2D99-4574-A540-8EF4BF2B2830}.Release|x86.Build.0 = Release|Win32
	EndGlobalSection
	GlobalSection(SolutionProperties) = preSolution
		HideSolutionNode = FALSE
	EndGlobalSection
EndGlobal
